// !$*UTF8*$!
{
	archiveVersion = 1;
	classes = {
	};
	objectVersion = 77;
	objects = {

/* Begin PBXBuildFile section */
		AB666FD52E9D791400C1994D /* VideoProcessor.framework in Frameworks */ = {isa = PBXBuildFile; fileRef = AB666FD42E9D791400C1994D /* VideoProcessor.framework */; };
		AB666FD62E9D791400C1994D /* VideoProcessor.framework in Embed Frameworks */ = {isa = PBXBuildFile; fileRef = AB666FD42E9D791400C1994D /* VideoProcessor.framework */; settings = {ATTRIBUTES = (CodeSignOnCopy, RemoveHeadersOnCopy, ); }; };
		ABBCB6A42E9AEF8600C9B65E /* LayoutEngine.framework in Frameworks */ = {isa = PBXBuildFile; fileRef = ABBCB6A32E9AEF8600C9B65E /* LayoutEngine.framework */; };
		ABBCB6A52E9AEF8600C9B65E /* LayoutEngine.framework in Embed Frameworks */ = {isa = PBXBuildFile; fileRef = ABBCB6A32E9AEF8600C9B65E /* LayoutEngine.framework */; settings = {ATTRIBUTES = (CodeSignOnCopy, RemoveHeadersOnCopy, ); }; };
/* End PBXBuildFile section */

/* Begin PBXContainerItemProxy section */
		ABBCB64E2E80534C00C9B65E /* PBXContainerItemProxy */ = {
			isa = PBXContainerItemProxy;
			containerPortal = ABBCB6382E80534C00C9B65E /* Project object */;
			proxyType = 1;
			remoteGlobalIDString = ABBCB63F2E80534C00C9B65E;
			remoteInfo = TechnicalOverlay;
		};
		ABBCB6582E80534C00C9B65E /* PBXContainerItemProxy */ = {
			isa = PBXContainerItemProxy;
			containerPortal = ABBCB6382E80534C00C9B65E /* Project object */;
			proxyType = 1;
			remoteGlobalIDString = ABBCB63F2E80534C00C9B65E;
			remoteInfo = TechnicalOverlay;
		};
/* End PBXContainerItemProxy section */

/* Begin PBXCopyFilesBuildPhase section */
		ABBCB6A62E9AEF8600C9B65E /* Embed Frameworks */ = {
			isa = PBXCopyFilesBuildPhase;
			buildActionMask = 2147483647;
			dstPath = "";
			dstSubfolderSpec = 10;
			files = (
				ABBCB6A52E9AEF8600C9B65E /* LayoutEngine.framework in Embed Frameworks */,
				AB666FD62E9D791400C1994D /* VideoProcessor.framework in Embed Frameworks */,
			);
			name = "Embed Frameworks";
			runOnlyForDeploymentPostprocessing = 0;
		};
/* End PBXCopyFilesBuildPhase section */

/* Begin PBXFileReference section */
		AB666FD42E9D791400C1994D /* VideoProcessor.framework */ = {isa = PBXFileReference; explicitFileType = wrapper.framework; path = VideoProcessor.framework; sourceTree = BUILT_PRODUCTS_DIR; };
		ABBCB6402E80534C00C9B65E /* TechnicalOverlay.app */ = {isa = PBXFileReference; explicitFileType = wrapper.application; includeInIndex = 0; path = TechnicalOverlay.app; sourceTree = BUILT_PRODUCTS_DIR; };
		ABBCB64D2E80534C00C9B65E /* TechnicalOverlayTests.xctest */ = {isa = PBXFileReference; explicitFileType = wrapper.cfbundle; includeInIndex = 0; path = TechnicalOverlayTests.xctest; sourceTree = BUILT_PRODUCTS_DIR; };
		ABBCB6572E80534C00C9B65E /* TechnicalOverlayUITests.xctest */ = {isa = PBXFileReference; explicitFileType = wrapper.cfbundle; includeInIndex = 0; path = TechnicalOverlayUITests.xctest; sourceTree = BUILT_PRODUCTS_DIR; };
		ABBCB6A32E9AEF8600C9B65E /* LayoutEngine.framework */ = {isa = PBXFileReference; explicitFileType = wrapper.framework; path = LayoutEngine.framework; sourceTree = BUILT_PRODUCTS_DIR; };
/* End PBXFileReference section */

/* Begin PBXFileSystemSynchronizedRootGroup section */
		ABBCB6422E80534C00C9B65E /* TechnicalOverlay */ = {
			isa = PBXFileSystemSynchronizedRootGroup;
			path = TechnicalOverlay;
			sourceTree = "<group>";
		};
		ABBCB6502E80534C00C9B65E /* TechnicalOverlayTests */ = {
			isa = PBXFileSystemSynchronizedRootGroup;
			path = TechnicalOverlayTests;
			sourceTree = "<group>";
		};
		ABBCB65A2E80534C00C9B65E /* TechnicalOverlayUITests */ = {
			isa = PBXFileSystemSynchronizedRootGroup;
			path = TechnicalOverlayUITests;
			sourceTree = "<group>";
		};
/* End PBXFileSystemSynchronizedRootGroup section */

/* Begin PBXFrameworksBuildPhase section */
		ABBCB63D2E80534C00C9B65E /* Frameworks */ = {
			isa = PBXFrameworksBuildPhase;
			buildActionMask = 2147483647;
			files = (
				ABBCB6A42E9AEF8600C9B65E /* LayoutEngine.framework in Frameworks */,
				AB666FD52E9D791400C1994D /* VideoProcessor.framework in Frameworks */,
			);
			runOnlyForDeploymentPostprocessing = 0;
		};
		ABBCB64A2E80534C00C9B65E /* Frameworks */ = {
			isa = PBXFrameworksBuildPhase;
			buildActionMask = 2147483647;
			files = (
			);
			runOnlyForDeploymentPostprocessing = 0;
		};
		ABBCB6542E80534C00C9B65E /* Frameworks */ = {
			isa = PBXFrameworksBuildPhase;
			buildActionMask = 2147483647;
			files = (
			);
			runOnlyForDeploymentPostprocessing = 0;
		};
/* End PBXFrameworksBuildPhase section */

/* Begin PBXGroup section */
		ABBCB6372E80534C00C9B65E = {
			isa = PBXGroup;
			children = (
				ABBCB6422E80534C00C9B65E /* TechnicalOverlay */,
				ABBCB6502E80534C00C9B65E /* TechnicalOverlayTests */,
				ABBCB65A2E80534C00C9B65E /* TechnicalOverlayUITests */,
				ABBCB6A22E9AEF8600C9B65E /* Frameworks */,
				ABBCB6412E80534C00C9B65E /* Products */,
			);
			sourceTree = "<group>";
		};
		ABBCB6412E80534C00C9B65E /* Products */ = {
			isa = PBXGroup;
			children = (
				ABBCB6402E80534C00C9B65E /* TechnicalOverlay.app */,
				ABBCB64D2E80534C00C9B65E /* TechnicalOverlayTests.xctest */,
				ABBCB6572E80534C00C9B65E /* TechnicalOverlayUITests.xctest */,
			);
			name = Products;
			sourceTree = "<group>";
		};
		ABBCB6A22E9AEF8600C9B65E /* Frameworks */ = {
			isa = PBXGroup;
			children = (
				AB666FD42E9D791400C1994D /* VideoProcessor.framework */,
				ABBCB6A32E9AEF8600C9B65E /* LayoutEngine.framework */,
			);
			name = Frameworks;
			sourceTree = "<group>";
		};
/* End PBXGroup section */

/* Begin PBXNativeTarget section */
		ABBCB63F2E80534C00C9B65E /* TechnicalOverlay */ = {
			isa = PBXNativeTarget;
			buildConfigurationList = ABBCB6612E80534C00C9B65E /* Build configuration list for PBXNativeTarget "TechnicalOverlay" */;
			buildPhases = (
				ABBCB63C2E80534C00C9B65E /* Sources */,
				ABBCB63D2E80534C00C9B65E /* Frameworks */,
				ABBCB63E2E80534C00C9B65E /* Resources */,
				ABBCB6A62E9AEF8600C9B65E /* Embed Frameworks */,
			);
			buildRules = (
			);
			dependencies = (
			);
			fileSystemSynchronizedGroups = (
				ABBCB6422E80534C00C9B65E /* TechnicalOverlay */,
			);
			name = TechnicalOverlay;
			packageProductDependencies = (
			);
			productName = TechnicalOverlay;
			productReference = ABBCB6402E80534C00C9B65E /* TechnicalOverlay.app */;
			productType = "com.apple.product-type.application";
		};
		ABBCB64C2E80534C00C9B65E /* TechnicalOverlayTests */ = {
			isa = PBXNativeTarget;
			buildConfigurationList = ABBCB6642E80534C00C9B65E /* Build configuration list for PBXNativeTarget "TechnicalOverlayTests" */;
			buildPhases = (
				ABBCB6492E80534C00C9B65E /* Sources */,
				ABBCB64A2E80534C00C9B65E /* Frameworks */,
				ABBCB64B2E80534C00C9B65E /* Resources */,
			);
			buildRules = (
			);
			dependencies = (
				ABBCB64F2E80534C00C9B65E /* PBXTargetDependency */,
			);
			fileSystemSynchronizedGroups = (
				ABBCB6502E80534C00C9B65E /* TechnicalOverlayTests */,
			);
			name = TechnicalOverlayTests;
			packageProductDependencies = (
			);
			productName = TechnicalOverlayTests;
			productReference = ABBCB64D2E80534C00C9B65E /* TechnicalOverlayTests.xctest */;
			productType = "com.apple.product-type.bundle.unit-test";
		};
		ABBCB6562E80534C00C9B65E /* TechnicalOverlayUITests */ = {
			isa = PBXNativeTarget;
			buildConfigurationList = ABBCB6672E80534C00C9B65E /* Build configuration list for PBXNativeTarget "TechnicalOverlayUITests" */;
			buildPhases = (
				ABBCB6532E80534C00C9B65E /* Sources */,
				ABBCB6542E80534C00C9B65E /* Frameworks */,
				ABBCB6552E80534C00C9B65E /* Resources */,
			);
			buildRules = (
			);
			dependencies = (
				ABBCB6592E80534C00C9B65E /* PBXTargetDependency */,
			);
			fileSystemSynchronizedGroups = (
				ABBCB65A2E80534C00C9B65E /* TechnicalOverlayUITests */,
			);
			name = TechnicalOverlayUITests;
			packageProductDependencies = (
			);
			productName = TechnicalOverlayUITests;
			productReference = ABBCB6572E80534C00C9B65E /* TechnicalOverlayUITests.xctest */;
			productType = "com.apple.product-type.bundle.ui-testing";
		};
/* End PBXNativeTarget section */

/* Begin PBXProject section */
		ABBCB6382E80534C00C9B65E /* Project object */ = {
			isa = PBXProject;
			attributes = {
				BuildIndependentTargetsInParallel = 1;
				LastSwiftUpdateCheck = 2600;
				LastUpgradeCheck = 2600;
				TargetAttributes = {
					ABBCB63F2E80534C00C9B65E = {
						CreatedOnToolsVersion = 26.0;
					};
					ABBCB64C2E80534C00C9B65E = {
						CreatedOnToolsVersion = 26.0;
						TestTargetID = ABBCB63F2E80534C00C9B65E;
					};
					ABBCB6562E80534C00C9B65E = {
						CreatedOnToolsVersion = 26.0;
						TestTargetID = ABBCB63F2E80534C00C9B65E;
					};
				};
			};
			buildConfigurationList = ABBCB63B2E80534C00C9B65E /* Build configuration list for PBXProject "TechnicalOverlay" */;
			developmentRegion = en;
			hasScannedForEncodings = 0;
			knownRegions = (
				en,
				Base,
			);
			mainGroup = ABBCB6372E80534C00C9B65E;
			minimizedProjectReferenceProxies = 1;
			preferredProjectObjectVersion = 77;
			productRefGroup = ABBCB6412E80534C00C9B65E /* Products */;
			projectDirPath = "";
			projectRoot = "";
			targets = (
				ABBCB63F2E80534C00C9B65E /* TechnicalOverlay */,
				ABBCB64C2E80534C00C9B65E /* TechnicalOverlayTests */,
				ABBCB6562E80534C00C9B65E /* TechnicalOverlayUITests */,
			);
		};
/* End PBXProject section */

/* Begin PBXResourcesBuildPhase section */
		ABBCB63E2E80534C00C9B65E /* Resources */ = {
			isa = PBXResourcesBuildPhase;
			buildActionMask = 2147483647;
			files = (
			);
			runOnlyForDeploymentPostprocessing = 0;
		};
		ABBCB64B2E80534C00C9B65E /* Resources */ = {
			isa = PBXResourcesBuildPhase;
			buildActionMask = 2147483647;
			files = (
			);
			runOnlyForDeploymentPostprocessing = 0;
		};
		ABBCB6552E80534C00C9B65E /* Resources */ = {
			isa = PBXResourcesBuildPhase;
			buildActionMask = 2147483647;
			files = (
			);
			runOnlyForDeploymentPostprocessing = 0;
		};
/* End PBXResourcesBuildPhase section */

/* Begin PBXSourcesBuildPhase section */
		ABBCB63C2E80534C00C9B65E /* Sources */ = {
			isa = PBXSourcesBuildPhase;
			buildActionMask = 2147483647;
			files = (
			);
			runOnlyForDeploymentPostprocessing = 0;
		};
		ABBCB6492E80534C00C9B65E /* Sources */ = {
			isa = PBXSourcesBuildPhase;
			buildActionMask = 2147483647;
			files = (
			);
			runOnlyForDeploymentPostprocessing = 0;
		};
		ABBCB6532E80534C00C9B65E /* Sources */ = {
			isa = PBXSourcesBuildPhase;
			buildActionMask = 2147483647;
			files = (
			);
			runOnlyForDeploymentPostprocessing = 0;
		};
/* End PBXSourcesBuildPhase section */

/* Begin PBXTargetDependency section */
		ABBCB64F2E80534C00C9B65E /* PBXTargetDependency */ = {
			isa = PBXTargetDependency;
			target = ABBCB63F2E80534C00C9B65E /* TechnicalOverlay */;
			targetProxy = ABBCB64E2E80534C00C9B65E /* PBXContainerItemProxy */;
		};
		ABBCB6592E80534C00C9B65E /* PBXTargetDependency */ = {
			isa = PBXTargetDependency;
			target = ABBCB63F2E80534C00C9B65E /* TechnicalOverlay */;
			targetProxy = ABBCB6582E80534C00C9B65E /* PBXContainerItemProxy */;
		};
/* End PBXTargetDependency section */

/* Begin XCBuildConfiguration section */
		ABBCB65F2E80534C00C9B65E /* Debug */ = {
			isa = XCBuildConfiguration;
			buildSettings = {
				ALWAYS_SEARCH_USER_PATHS = NO;
				ASSETCATALOG_COMPILER_GENERATE_SWIFT_ASSET_SYMBOL_EXTENSIONS = YES;
				CLANG_ANALYZER_NONNULL = YES;
				CLANG_ANALYZER_NUMBER_OBJECT_CONVERSION = YES_AGGRESSIVE;
				CLANG_CXX_LANGUAGE_STANDARD = "gnu++20";
				CLANG_ENABLE_MODULES = YES;
				CLANG_ENABLE_OBJC_ARC = YES;
				CLANG_ENABLE_OBJC_WEAK = YES;
				CLANG_WARN_BLOCK_CAPTURE_AUTORELEASING = YES;
				CLANG_WARN_BOOL_CONVERSION = YES;
				CLANG_WARN_COMMA = YES;
				CLANG_WARN_CONSTANT_CONVERSION = YES;
				CLANG_WARN_DEPRECATED_OBJC_IMPLEMENTATIONS = YES;
				CLANG_WARN_DIRECT_OBJC_ISA_USAGE = YES_ERROR;
				CLANG_WARN_DOCUMENTATION_COMMENTS = YES;
				CLANG_WARN_EMPTY_BODY = YES;
				CLANG_WARN_ENUM_CONVERSION = YES;
				CLANG_WARN_INFINITE_RECURSION = YES;
				CLANG_WARN_INT_CONVERSION = YES;
				CLANG_WARN_NON_LITERAL_NULL_CONVERSION = YES;
				CLANG_WARN_OBJC_IMPLICIT_RETAIN_SELF = YES;
				CLANG_WARN_OBJC_LITERAL_CONVERSION = YES;
				CLANG_WARN_OBJC_ROOT_CLASS = YES_ERROR;
				CLANG_WARN_QUOTED_INCLUDE_IN_FRAMEWORK_HEADER = YES;
				CLANG_WARN_RANGE_LOOP_ANALYSIS = YES;
				CLANG_WARN_STRICT_PROTOTYPES = YES;
				CLANG_WARN_SUSPICIOUS_MOVE = YES;
				CLANG_WARN_UNGUARDED_AVAILABILITY = YES_AGGRESSIVE;
				CLANG_WARN_UNREACHABLE_CODE = YES;
				CLANG_WARN__DUPLICATE_METHOD_MATCH = YES;
				COPY_PHASE_STRIP = NO;
				DEBUG_INFORMATION_FORMAT = dwarf;
				DEVELOPMENT_TEAM = 9MY93JMP2W;
				ENABLE_STRICT_OBJC_MSGSEND = YES;
				ENABLE_TESTABILITY = YES;
				ENABLE_USER_SCRIPT_SANDBOXING = YES;
				GCC_C_LANGUAGE_STANDARD = gnu17;
				GCC_DYNAMIC_NO_PIC = NO;
				GCC_NO_COMMON_BLOCKS = YES;
				GCC_OPTIMIZATION_LEVEL = 0;
				GCC_PREPROCESSOR_DEFINITIONS = (
					"DEBUG=1",
					"$(inherited)",
				);
				GCC_WARN_64_TO_32_BIT_CONVERSION = YES;
				GCC_WARN_ABOUT_RETURN_TYPE = YES_ERROR;
				GCC_WARN_UNDECLARED_SELECTOR = YES;
				GCC_WARN_UNINITIALIZED_AUTOS = YES_AGGRESSIVE;
				GCC_WARN_UNUSED_FUNCTION = YES;
				GCC_WARN_UNUSED_VARIABLE = YES;
				LOCALIZATION_PREFERS_STRING_CATALOGS = YES;
				MTL_ENABLE_DEBUG_INFO = INCLUDE_SOURCE;
				MTL_FAST_MATH = YES;
				ONLY_ACTIVE_ARCH = YES;
				SWIFT_ACTIVE_COMPILATION_CONDITIONS = "DEBUG $(inherited)";
				SWIFT_OPTIMIZATION_LEVEL = "-Onone";
			};
			name = Debug;
		};
		ABBCB6602E80534C00C9B65E /* Release */ = {
			isa = XCBuildConfiguration;
			buildSettings = {
				ALWAYS_SEARCH_USER_PATHS = NO;
				ASSETCATALOG_COMPILER_GENERATE_SWIFT_ASSET_SYMBOL_EXTENSIONS = YES;
				CLANG_ANALYZER_NONNULL = YES;
				CLANG_ANALYZER_NUMBER_OBJECT_CONVERSION = YES_AGGRESSIVE;
				CLANG_CXX_LANGUAGE_STANDARD = "gnu++20";
				CLANG_ENABLE_MODULES = YES;
				CLANG_ENABLE_OBJC_ARC = YES;
				CLANG_ENABLE_OBJC_WEAK = YES;
				CLANG_WARN_BLOCK_CAPTURE_AUTORELEASING = YES;
				CLANG_WARN_BOOL_CONVERSION = YES;
				CLANG_WARN_COMMA = YES;
				CLANG_WARN_CONSTANT_CONVERSION = YES;
				CLANG_WARN_DEPRECATED_OBJC_IMPLEMENTATIONS = YES;
				CLANG_WARN_DIRECT_OBJC_ISA_USAGE = YES_ERROR;
				CLANG_WARN_DOCUMENTATION_COMMENTS = YES;
				CLANG_WARN_EMPTY_BODY = YES;
				CLANG_WARN_ENUM_CONVERSION = YES;
				CLANG_WARN_INFINITE_RECURSION = YES;
				CLANG_WARN_INT_CONVERSION = YES;
				CLANG_WARN_NON_LITERAL_NULL_CONVERSION = YES;
				CLANG_WARN_OBJC_IMPLICIT_RETAIN_SELF = YES;
				CLANG_WARN_OBJC_LITERAL_CONVERSION = YES;
				CLANG_WARN_OBJC_ROOT_CLASS = YES_ERROR;
				CLANG_WARN_QUOTED_INCLUDE_IN_FRAMEWORK_HEADER = YES;
				CLANG_WARN_RANGE_LOOP_ANALYSIS = YES;
				CLANG_WARN_STRICT_PROTOTYPES = YES;
				CLANG_WARN_SUSPICIOUS_MOVE = YES;
				CLANG_WARN_UNGUARDED_AVAILABILITY = YES_AGGRESSIVE;
				CLANG_WARN_UNREACHABLE_CODE = YES;
				CLANG_WARN__DUPLICATE_METHOD_MATCH = YES;
				COPY_PHASE_STRIP = NO;
				DEBUG_INFORMATION_FORMAT = "dwarf-with-dsym";
				DEVELOPMENT_TEAM = 9MY93JMP2W;
				ENABLE_NS_ASSERTIONS = NO;
				ENABLE_STRICT_OBJC_MSGSEND = YES;
				ENABLE_USER_SCRIPT_SANDBOXING = YES;
				GCC_C_LANGUAGE_STANDARD = gnu17;
				GCC_NO_COMMON_BLOCKS = YES;
				GCC_WARN_64_TO_32_BIT_CONVERSION = YES;
				GCC_WARN_ABOUT_RETURN_TYPE = YES_ERROR;
				GCC_WARN_UNDECLARED_SELECTOR = YES;
				GCC_WARN_UNINITIALIZED_AUTOS = YES_AGGRESSIVE;
				GCC_WARN_UNUSED_FUNCTION = YES;
				GCC_WARN_UNUSED_VARIABLE = YES;
				LOCALIZATION_PREFERS_STRING_CATALOGS = YES;
				MTL_ENABLE_DEBUG_INFO = NO;
				MTL_FAST_MATH = YES;
				SWIFT_COMPILATION_MODE = wholemodule;
			};
			name = Release;
		};
		ABBCB6622E80534C00C9B65E /* Debug */ = {
			isa = XCBuildConfiguration;
			buildSettings = {
				ASSETCATALOG_COMPILER_APPICON_NAME = AppIcon;
				ASSETCATALOG_COMPILER_GLOBAL_ACCENT_COLOR_NAME = AccentColor;
				CODE_SIGN_STYLE = Automatic;
				CURRENT_PROJECT_VERSION = 1;
				DEVELOPMENT_TEAM = 9MY93JMP2W;
				ENABLE_APP_SANDBOX = YES;
				ENABLE_HARDENED_RUNTIME = YES;
				ENABLE_PREVIEWS = YES;
				ENABLE_USER_SELECTED_FILES = readonly;
				GENERATE_INFOPLIST_FILE = YES;
				"INFOPLIST_KEY_UIApplicationSceneManifest_Generation[sdk=iphoneos*]" = YES;
				"INFOPLIST_KEY_UIApplicationSceneManifest_Generation[sdk=iphonesimulator*]" = YES;
				"INFOPLIST_KEY_UIApplicationSupportsIndirectInputEvents[sdk=iphoneos*]" = YES;
				"INFOPLIST_KEY_UIApplicationSupportsIndirectInputEvents[sdk=iphonesimulator*]" = YES;
				"INFOPLIST_KEY_UILaunchScreen_Generation[sdk=iphoneos*]" = YES;
				"INFOPLIST_KEY_UILaunchScreen_Generation[sdk=iphonesimulator*]" = YES;
				"INFOPLIST_KEY_UIStatusBarStyle[sdk=iphoneos*]" = UIStatusBarStyleDefault;
				"INFOPLIST_KEY_UIStatusBarStyle[sdk=iphonesimulator*]" = UIStatusBarStyleDefault;
				INFOPLIST_KEY_UISupportedInterfaceOrientations_iPad = "UIInterfaceOrientationPortrait UIInterfaceOrientationPortraitUpsideDown UIInterfaceOrientationLandscapeLeft UIInterfaceOrientationLandscapeRight";
				INFOPLIST_KEY_UISupportedInterfaceOrientations_iPhone = "UIInterfaceOrientationPortrait UIInterfaceOrientationLandscapeLeft UIInterfaceOrientationLandscapeRight";
				IPHONEOS_DEPLOYMENT_TARGET = 26.0;
				LD_RUNPATH_SEARCH_PATHS = "@executable_path/Frameworks";
				"LD_RUNPATH_SEARCH_PATHS[sdk=macosx*]" = "@executable_path/../Frameworks";
				MACOSX_DEPLOYMENT_TARGET = 26.0;
				MARKETING_VERSION = 1.0;
				PRODUCT_BUNDLE_IDENTIFIER = org.cjas.jhsu.TechnicalOverlay;
				PRODUCT_NAME = "$(TARGET_NAME)";
				REGISTER_APP_GROUPS = YES;
				SDKROOT = auto;
				STRING_CATALOG_GENERATE_SYMBOLS = YES;
				SUPPORTED_PLATFORMS = "iphoneos iphonesimulator macosx xros xrsimulator";
				SWIFT_APPROACHABLE_CONCURRENCY = YES;
				SWIFT_DEFAULT_ACTOR_ISOLATION = MainActor;
				SWIFT_EMIT_LOC_STRINGS = YES;
				SWIFT_UPCOMING_FEATURE_MEMBER_IMPORT_VISIBILITY = YES;
				SWIFT_VERSION = 5.0;
				TARGETED_DEVICE_FAMILY = "1,2,7";
				XROS_DEPLOYMENT_TARGET = 26.0;
			};
			name = Debug;
		};
		ABBCB6632E80534C00C9B65E /* Release */ = {
			isa = XCBuildConfiguration;
			buildSettings = {
				ASSETCATALOG_COMPILER_APPICON_NAME = AppIcon;
				ASSETCATALOG_COMPILER_GLOBAL_ACCENT_COLOR_NAME = AccentColor;
				CODE_SIGN_STYLE = Automatic;
				CURRENT_PROJECT_VERSION = 1;
				DEVELOPMENT_TEAM = 9MY93JMP2W;
				ENABLE_APP_SANDBOX = YES;
				ENABLE_HARDENED_RUNTIME = YES;
				ENABLE_PREVIEWS = YES;
				ENABLE_USER_SELECTED_FILES = readonly;
				GENERATE_INFOPLIST_FILE = YES;
				"INFOPLIST_KEY_UIApplicationSceneManifest_Generation[sdk=iphoneos*]" = YES;
				"INFOPLIST_KEY_UIApplicationSceneManifest_Generation[sdk=iphonesimulator*]" = YES;
				"INFOPLIST_KEY_UIApplicationSupportsIndirectInputEvents[sdk=iphoneos*]" = YES;
				"INFOPLIST_KEY_UIApplicationSupportsIndirectInputEvents[sdk=iphonesimulator*]" = YES;
				"INFOPLIST_KEY_UILaunchScreen_Generation[sdk=iphoneos*]" = YES;
				"INFOPLIST_KEY_UILaunchScreen_Generation[sdk=iphonesimulator*]" = YES;
				"INFOPLIST_KEY_UIStatusBarStyle[sdk=iphoneos*]" = UIStatusBarStyleDefault;
				"INFOPLIST_KEY_UIStatusBarStyle[sdk=iphonesimulator*]" = UIStatusBarStyleDefault;
				INFOPLIST_KEY_UISupportedInterfaceOrientations_iPad = "UIInterfaceOrientationPortrait UIInterfaceOrientationPortraitUpsideDown UIInterfaceOrientationLandscapeLeft UIInterfaceOrientationLandscapeRight";
				INFOPLIST_KEY_UISupportedInterfaceOrientations_iPhone = "UIInterfaceOrientationPortrait UIInterfaceOrientationLandscapeLeft UIInterfaceOrientationLandscapeRight";
				IPHONEOS_DEPLOYMENT_TARGET = 26.0;
				LD_RUNPATH_SEARCH_PATHS = "@executable_path/Frameworks";
				"LD_RUNPATH_SEARCH_PATHS[sdk=macosx*]" = "@executable_path/../Frameworks";
				MACOSX_DEPLOYMENT_TARGET = 26.0;
				MARKETING_VERSION = 1.0;
				PRODUCT_BUNDLE_IDENTIFIER = org.cjas.jhsu.TechnicalOverlay;
				PRODUCT_NAME = "$(TARGET_NAME)";
				REGISTER_APP_GROUPS = YES;
				SDKROOT = auto;
				STRING_CATALOG_GENERATE_SYMBOLS = YES;
				SUPPORTED_PLATFORMS = "iphoneos iphonesimulator macosx xros xrsimulator";
				SWIFT_APPROACHABLE_CONCURRENCY = YES;
				SWIFT_DEFAULT_ACTOR_ISOLATION = MainActor;
				SWIFT_EMIT_LOC_STRINGS = YES;
				SWIFT_UPCOMING_FEATURE_MEMBER_IMPORT_VISIBILITY = YES;
				SWIFT_VERSION = 5.0;
				TARGETED_DEVICE_FAMILY = "1,2,7";
				XROS_DEPLOYMENT_TARGET = 26.0;
			};
			name = Release;
		};
		ABBCB6652E80534C00C9B65E /* Debug */ = {
			isa = XCBuildConfiguration;
			buildSettings = {
				BUNDLE_LOADER = "$(TEST_HOST)";
				CODE_SIGN_STYLE = Automatic;
				CURRENT_PROJECT_VERSION = 1;
				DEVELOPMENT_TEAM = 9MY93JMP2W;
				GENERATE_INFOPLIST_FILE = YES;
				IPHONEOS_DEPLOYMENT_TARGET = 26.0;
				MACOSX_DEPLOYMENT_TARGET = 26.0;
				MARKETING_VERSION = 1.0;
				PRODUCT_BUNDLE_IDENTIFIER = org.cjas.jhsu.TechnicalOverlayTests;
				PRODUCT_NAME = "$(TARGET_NAME)";
				SDKROOT = auto;
				STRING_CATALOG_GENERATE_SYMBOLS = NO;
				SUPPORTED_PLATFORMS = "iphoneos iphonesimulator macosx xros xrsimulator";
				SWIFT_APPROACHABLE_CONCURRENCY = YES;
				SWIFT_EMIT_LOC_STRINGS = NO;
				SWIFT_UPCOMING_FEATURE_MEMBER_IMPORT_VISIBILITY = YES;
				SWIFT_VERSION = 5.0;
				TARGETED_DEVICE_FAMILY = "1,2,7";
				TEST_HOST = "$(BUILT_PRODUCTS_DIR)/TechnicalOverlay.app/$(BUNDLE_EXECUTABLE_FOLDER_PATH)/TechnicalOverlay";
				XROS_DEPLOYMENT_TARGET = 26.0;
			};
			name = Debug;
		};
		ABBCB6662E80534C00C9B65E /* Release */ = {
			isa = XCBuildConfiguration;
			buildSettings = {
				BUNDLE_LOADER = "$(TEST_HOST)";
				CODE_SIGN_STYLE = Automatic;
				CURRENT_PROJECT_VERSION = 1;
				DEVELOPMENT_TEAM = 9MY93JMP2W;
				GENERATE_INFOPLIST_FILE = YES;
				IPHONEOS_DEPLOYMENT_TARGET = 26.0;
				MACOSX_DEPLOYMENT_TARGET = 26.0;
				MARKETING_VERSION = 1.0;
				PRODUCT_BUNDLE_IDENTIFIER = org.cjas.jhsu.TechnicalOverlayTests;
				PRODUCT_NAME = "$(TARGET_NAME)";
				SDKROOT = auto;
				STRING_CATALOG_GENERATE_SYMBOLS = NO;
				SUPPORTED_PLATFORMS = "iphoneos iphonesimulator macosx xros xrsimulator";
				SWIFT_APPROACHABLE_CONCURRENCY = YES;
				SWIFT_EMIT_LOC_STRINGS = NO;
				SWIFT_UPCOMING_FEATURE_MEMBER_IMPORT_VISIBILITY = YES;
				SWIFT_VERSION = 5.0;
				TARGETED_DEVICE_FAMILY = "1,2,7";
				TEST_HOST = "$(BUILT_PRODUCTS_DIR)/TechnicalOverlay.app/$(BUNDLE_EXECUTABLE_FOLDER_PATH)/TechnicalOverlay";
				XROS_DEPLOYMENT_TARGET = 26.0;
			};
			name = Release;
		};
		ABBCB6682E80534C00C9B65E /* Debug */ = {
			isa = XCBuildConfiguration;
			buildSettings = {
				CODE_SIGN_STYLE = Automatic;
				CURRENT_PROJECT_VERSION = 1;
				DEVELOPMENT_TEAM = 9MY93JMP2W;
				GENERATE_INFOPLIST_FILE = YES;
				IPHONEOS_DEPLOYMENT_TARGET = 26.0;
				MACOSX_DEPLOYMENT_TARGET = 26.0;
				MARKETING_VERSION = 1.0;
				PRODUCT_BUNDLE_IDENTIFIER = org.cjas.jhsu.TechnicalOverlayUITests;
				PRODUCT_NAME = "$(TARGET_NAME)";
				SDKROOT = auto;
				STRING_CATALOG_GENERATE_SYMBOLS = NO;
				SUPPORTED_PLATFORMS = "iphoneos iphonesimulator macosx xros xrsimulator";
				SWIFT_APPROACHABLE_CONCURRENCY = YES;
				SWIFT_EMIT_LOC_STRINGS = NO;
				SWIFT_UPCOMING_FEATURE_MEMBER_IMPORT_VISIBILITY = YES;
				SWIFT_VERSION = 5.0;
				TARGETED_DEVICE_FAMILY = "1,2,7";
				TEST_TARGET_NAME = TechnicalOverlay;
				XROS_DEPLOYMENT_TARGET = 26.0;
			};
			name = Debug;
		};
		ABBCB6692E80534C00C9B65E /* Release */ = {
			isa = XCBuildConfiguration;
			buildSettings = {
				CODE_SIGN_STYLE = Automatic;
				CURRENT_PROJECT_VERSION = 1;
				DEVELOPMENT_TEAM = 9MY93JMP2W;
				GENERATE_INFOPLIST_FILE = YES;
				IPHONEOS_DEPLOYMENT_TARGET = 26.0;
				MACOSX_DEPLOYMENT_TARGET = 26.0;
				MARKETING_VERSION = 1.0;
				PRODUCT_BUNDLE_IDENTIFIER = org.cjas.jhsu.TechnicalOverlayUITests;
				PRODUCT_NAME = "$(TARGET_NAME)";
				SDKROOT = auto;
				STRING_CATALOG_GENERATE_SYMBOLS = NO;
				SUPPORTED_PLATFORMS = "iphoneos iphonesimulator macosx xros xrsimulator";
				SWIFT_APPROACHABLE_CONCURRENCY = YES;
				SWIFT_EMIT_LOC_STRINGS = NO;
				SWIFT_UPCOMING_FEATURE_MEMBER_IMPORT_VISIBILITY = YES;
				SWIFT_VERSION = 5.0;
				TARGETED_DEVICE_FAMILY = "1,2,7";
				TEST_TARGET_NAME = TechnicalOverlay;
				XROS_DEPLOYMENT_TARGET = 26.0;
			};
			name = Release;
		};
/* End XCBuildConfiguration section */

/* Begin XCConfigurationList section */
		ABBCB63B2E80534C00C9B65E /* Build configuration list for PBXProject "TechnicalOverlay" */ = {
			isa = XCConfigurationList;
			buildConfigurations = (
				ABBCB65F2E80534C00C9B65E /* Debug */,
				ABBCB6602E80534C00C9B65E /* Release */,
			);
			defaultConfigurationIsVisible = 0;
			defaultConfigurationName = Release;
		};
		ABBCB6612E80534C00C9B65E /* Build configuration list for PBXNativeTarget "TechnicalOverlay" */ = {
			isa = XCConfigurationList;
			buildConfigurations = (
				ABBCB6622E80534C00C9B65E /* Debug */,
				ABBCB6632E80534C00C9B65E /* Release */,
			);
			defaultConfigurationIsVisible = 0;
			defaultConfigurationName = Release;
		};
		ABBCB6642E80534C00C9B65E /* Build configuration list for PBXNativeTarget "TechnicalOverlayTests" */ = {
			isa = XCConfigurationList;
			buildConfigurations = (
				ABBCB6652E80534C00C9B65E /* Debug */,
				ABBCB6662E80534C00C9B65E /* Release */,
			);
			defaultConfigurationIsVisible = 0;
			defaultConfigurationName = Release;
		};
		ABBCB6672E80534C00C9B65E /* Build configuration list for PBXNativeTarget "TechnicalOverlayUITests" */ = {
			isa = XCConfigurationList;
			buildConfigurations = (
				ABBCB6682E80534C00C9B65E /* Debug */,
				ABBCB6692E80534C00C9B65E /* Release */,
			);
			defaultConfigurationIsVisible = 0;
			defaultConfigurationName = Release;
		};
/* End XCConfigurationList section */
	};
	rootObject = ABBCB6382E80534C00C9B65E /* Project object */;
}
